
Microsoft Visual Studio Solution File, Format Version 12.00
# Visual Studio 15
VisualStudioVersion = 15.0.27130.2010
MinimumVisualStudioVersion = 10.0.40219.1
Project("{FAE04EC0-301F-11D3-BF4B-00C04F79EFBC}") = "ShutdownApp", "ShutdownApp\ShutdownApp.csproj", "{CE858BBD-BA59-4331-B081-8FC25B2D651A}"
EndProject
Global
	GlobalSection(SolutionConfigurationPlatforms) = preSolution
		Debug|Any CPU = Debug|Any CPU
		Release|Any CPU = Release|Any CPU
	EndGlobalSection
	GlobalSection(ProjectConfigurationPlatforms) = postSolution
		{CE858BBD-BA59-4331-B081-8FC25B2D651A}.Debug|Any CPU.ActiveCfg = Debug|Any CPU
		{CE858BBD-BA59-4331-B081-8FC25B2D651A}.Debug|Any CPU.Build.0 = Debug|Any CPU
		{CE858BBD-BA59-4331-B081-8FC25B2D651A}.Release|Any CPU.ActiveCfg = Release|Any CPU
		{CE858BBD-BA59-4331-B081-8FC25B2D651A}.Release|Any CPU.Build.0 = Release|Any CPU
	EndGlobalSection
	GlobalSection(SolutionProperties) = preSolution
		HideSolutionNode = FALSE
	EndGlobalSection
	GlobalSection(ExtensibilityGlobals) = postSolution
		SolutionGuid = {AC77CB51-2A31-49BF-851F-6AE913BB3021}
	EndGlobalSection
EndGlobal
